// !$*UTF8*$!
{
	archiveVersion = 1;
	classes = {
	};
	objectVersion = 50;
	objects = {

/* Begin PBXBuildFile section */
		7107537C2121F45400465F19 /* BullyClassifier.mlmodel in Sources */ = {isa = PBXBuildFile; fileRef = 7107537B2121F45400465F19 /* BullyClassifier.mlmodel */; };
		71F736082121EA3200405677 /* AppDelegate.swift in Sources */ = {isa = PBXBuildFile; fileRef = 71F736072121EA3200405677 /* AppDelegate.swift */; };
		71F7360A2121EA3200405677 /* ViewController.swift in Sources */ = {isa = PBXBuildFile; fileRef = 71F736092121EA3200405677 /* ViewController.swift */; };
		71F7360D2121EA3200405677 /* Main.storyboard in Resources */ = {isa = PBXBuildFile; fileRef = 71F7360B2121EA3200405677 /* Main.storyboard */; };
		71F7360F2121EA3400405677 /* Assets.xcassets in Resources */ = {isa = PBXBuildFile; fileRef = 71F7360E2121EA3400405677 /* Assets.xcassets */; };
		71F736122121EA3400405677 /* LaunchScreen.storyboard in Resources */ = {isa = PBXBuildFile; fileRef = 71F736102121EA3400405677 /* LaunchScreen.storyboard */; };
		71F7361A2121EB0700405677 /* RoundedButton.swift in Sources */ = {isa = PBXBuildFile; fileRef = 71F736192121EB0700405677 /* RoundedButton.swift */; };
		71FC2B62212241790041CE29 /* Emotion.swift in Sources */ = {isa = PBXBuildFile; fileRef = 71FC2B61212241790041CE29 /* Emotion.swift */; };
		71FC2B672122451B0041CE29 /* ViewModel.swift in Sources */ = {isa = PBXBuildFile; fileRef = 71FC2B662122451B0041CE29 /* ViewModel.swift */; };
/* End PBXBuildFile section */

/* Begin PBXFileReference section */
		7107537B2121F45400465F19 /* BullyClassifier.mlmodel */ = {isa = PBXFileReference; lastKnownFileType = file.mlmodel; path = BullyClassifier.mlmodel; sourceTree = "<group>"; };
		71F736042121EA3200405677 /* AntiBully.app */ = {isa = PBXFileReference; explicitFileType = wrapper.application; includeInIndex = 0; path = AntiBully.app; sourceTree = BUILT_PRODUCTS_DIR; };
		71F736072121EA3200405677 /* AppDelegate.swift */ = {isa = PBXFileReference; lastKnownFileType = sourcecode.swift; path = AppDelegate.swift; sourceTree = "<group>"; };
		71F736092121EA3200405677 /* ViewController.swift */ = {isa = PBXFileReference; lastKnownFileType = sourcecode.swift; path = ViewController.swift; sourceTree = "<group>"; };
		71F7360C2121EA3200405677 /* Base */ = {isa = PBXFileReference; lastKnownFileType = file.storyboard; name = Base; path = Base.lproj/Main.storyboard; sourceTree = "<group>"; };
		71F7360E2121EA3400405677 /* Assets.xcassets */ = {isa = PBXFileReference; lastKnownFileType = folder.assetcatalog; path = Assets.xcassets; sourceTree = "<group>"; };
		71F736112121EA3400405677 /* Base */ = {isa = PBXFileReference; lastKnownFileType = file.storyboard; name = Base; path = Base.lproj/LaunchScreen.storyboard; sourceTree = "<group>"; };
		71F736132121EA3400405677 /* Info.plist */ = {isa = PBXFileReference; lastKnownFileType = text.plist.xml; path = Info.plist; sourceTree = "<group>"; };
		71F736192121EB0700405677 /* RoundedButton.swift */ = {isa = PBXFileReference; lastKnownFileType = sourcecode.swift; path = RoundedButton.swift; sourceTree = "<group>"; };
		71FC2B61212241790041CE29 /* Emotion.swift */ = {isa = PBXFileReference; lastKnownFileType = sourcecode.swift; path = Emotion.swift; sourceTree = "<group>"; };
		71FC2B662122451B0041CE29 /* ViewModel.swift */ = {isa = PBXFileReference; lastKnownFileType = sourcecode.swift; path = ViewModel.swift; sourceTree = "<group>"; };
/* End PBXFileReference section */

/* Begin PBXFrameworksBuildPhase section */
		71F736012121EA3200405677 /* Frameworks */ = {
			isa = PBXFrameworksBuildPhase;
			buildActionMask = 2147483647;
			files = (
			);
			runOnlyForDeploymentPostprocessing = 0;
		};
/* End PBXFrameworksBuildPhase section */

/* Begin PBXGroup section */
		71F735FB2121EA3200405677 = {
			isa = PBXGroup;
			children = (
				71F736062121EA3200405677 /* AntiBully */,
				71F736052121EA3200405677 /* Products */,
			);
			sourceTree = "<group>";
		};
		71F736052121EA3200405677 /* Products */ = {
			isa = PBXGroup;
			children = (
				71F736042121EA3200405677 /* AntiBully.app */,
			);
			name = Products;
			sourceTree = "<group>";
		};
		71F736062121EA3200405677 /* AntiBully */ = {
			isa = PBXGroup;
			children = (
				7107537B2121F45400465F19 /* BullyClassifier.mlmodel */,
				71F7361E2121EB4F00405677 /* View */,
				71FC2B65212244F70041CE29 /* ViewModel */,
				71F7361D2121EB4700405677 /* Controller */,
				71FC2B63212241BA0041CE29 /* Resources */,
				71F736072121EA3200405677 /* AppDelegate.swift */,
				71F7360B2121EA3200405677 /* Main.storyboard */,
				71F7360E2121EA3400405677 /* Assets.xcassets */,
				71F736102121EA3400405677 /* LaunchScreen.storyboard */,
				71F736132121EA3400405677 /* Info.plist */,
			);
			path = AntiBully;
			sourceTree = "<group>";
		};
		71F7361D2121EB4700405677 /* Controller */ = {
			isa = PBXGroup;
			children = (
				71F736092121EA3200405677 /* ViewController.swift */,
			);
			path = Controller;
			sourceTree = "<group>";
		};
		71F7361E2121EB4F00405677 /* View */ = {
			isa = PBXGroup;
			children = (
				71F736192121EB0700405677 /* RoundedButton.swift */,
			);
			path = View;
			sourceTree = "<group>";
		};
		71FC2B63212241BA0041CE29 /* Resources */ = {
			isa = PBXGroup;
			children = (
				71FC2B61212241790041CE29 /* Emotion.swift */,
			);
			path = Resources;
			sourceTree = "<group>";
		};
		71FC2B65212244F70041CE29 /* ViewModel */ = {
			isa = PBXGroup;
			children = (
				71FC2B662122451B0041CE29 /* ViewModel.swift */,
			);
			path = ViewModel;
			sourceTree = "<group>";
		};
/* End PBXGroup section */

/* Begin PBXNativeTarget section */
		71F736032121EA3200405677 /* AntiBully */ = {
			isa = PBXNativeTarget;
			buildConfigurationList = 71F736162121EA3400405677 /* Build configuration list for PBXNativeTarget "AntiBully" */;
			buildPhases = (
				71F736002121EA3200405677 /* Sources */,
				71F736012121EA3200405677 /* Frameworks */,
				71F736022121EA3200405677 /* Resources */,
			);
			buildRules = (
			);
			dependencies = (
			);
			name = AntiBully;
			productName = AntiBully;
			productReference = 71F736042121EA3200405677 /* AntiBully.app */;
			productType = "com.apple.product-type.application";
		};
/* End PBXNativeTarget section */

/* Begin PBXProject section */
		71F735FC2121EA3200405677 /* Project object */ = {
			isa = PBXProject;
			attributes = {
				LastSwiftUpdateCheck = 1000;
				LastUpgradeCheck = 1000;
				ORGANIZATIONNAME = "Caleb Stultz";
				TargetAttributes = {
					71F736032121EA3200405677 = {
						CreatedOnToolsVersion = 10.0;
					};
				};
			};
			buildConfigurationList = 71F735FF2121EA3200405677 /* Build configuration list for PBXProject "AntiBully" */;
			compatibilityVersion = "Xcode 9.3";
			developmentRegion = en;
			hasScannedForEncodings = 0;
			knownRegions = (
				en,
				Base,
			);
			mainGroup = 71F735FB2121EA3200405677;
			productRefGroup = 71F736052121EA3200405677 /* Products */;
			projectDirPath = "";
			projectRoot = "";
			targets = (
				71F736032121EA3200405677 /* AntiBully */,
			);
		};
/* End PBXProject section */

/* Begin PBXResourcesBuildPhase section */
		71F736022121EA3200405677 /* Resources */ = {
			isa = PBXResourcesBuildPhase;
			buildActionMask = 2147483647;
			files = (
				71F736122121EA3400405677 /* LaunchScreen.storyboard in Resources */,
				71F7360F2121EA3400405677 /* Assets.xcassets in Resources */,
				71F7360D2121EA3200405677 /* Main.storyboard in Resources */,
			);
			runOnlyForDeploymentPostprocessing = 0;
		};
/* End PBXResourcesBuildPhase section */

/* Begin PBXSourcesBuildPhase section */
		71F736002121EA3200405677 /* Sources */ = {
			isa = PBXSourcesBuildPhase;
			buildActionMask = 2147483647;
			files = (
				7107537C2121F45400465F19 /* BullyClassifier.mlmodel in Sources */,
				71F7360A2121EA3200405677 /* ViewController.swift in Sources */,
				71F7361A2121EB0700405677 /* RoundedButton.swift in Sources */,
				71FC2B62212241790041CE29 /* Emotion.swift in Sources */,
				71FC2B672122451B0041CE29 /* ViewModel.swift in Sources */,
				71F736082121EA3200405677 /* AppDelegate.swift in Sources */,
			);
			runOnlyForDeploymentPostprocessing = 0;
		};
/* End PBXSourcesBuildPhase section */

/* Begin PBXVariantGroup section */
		71F7360B2121EA3200405677 /* Main.storyboard */ = {
			isa = PBXVariantGroup;
			children = (
				71F7360C2121EA3200405677 /* Base */,
			);
			name = Main.storyboard;
			sourceTree = "<group>";
		};
		71F736102121EA3400405677 /* LaunchScreen.storyboard */ = {
			isa = PBXVariantGroup;
			children = (
				71F736112121EA3400405677 /* Base */,
			);
			name = LaunchScreen.storyboard;
			sourceTree = "<group>";
		};
/* End PBXVariantGroup section */

/* Begin XCBuildConfiguration section */
		71F736142121EA3400405677 /* Debug */ = {
			isa = XCBuildConfiguration;
			buildSettings = {
				ALWAYS_SEARCH_USER_PATHS = NO;
				CLANG_ANALYZER_NONNULL = YES;
				CLANG_ANALYZER_NUMBER_OBJECT_CONVERSION = YES_AGGRESSIVE;
				CLANG_CXX_LANGUAGE_STANDARD = "gnu++14";
				CLANG_CXX_LIBRARY = "libc++";
				CLANG_ENABLE_MODULES = YES;
				CLANG_ENABLE_OBJC_ARC = YES;
				CLANG_ENABLE_OBJC_WEAK = YES;
				CLANG_WARN_BLOCK_CAPTURE_AUTORELEASING = YES;
				CLANG_WARN_BOOL_CONVERSION = YES;
				CLANG_WARN_COMMA = YES;
				CLANG_WARN_CONSTANT_CONVERSION = YES;
				CLANG_WARN_DEPRECATED_OBJC_IMPLEMENTATIONS = YES;
				CLANG_WARN_DIRECT_OBJC_ISA_USAGE = YES_ERROR;
				CLANG_WARN_DOCUMENTATION_COMMENTS = YES;
				CLANG_WARN_EMPTY_BODY = YES;
				CLANG_WARN_ENUM_CONVERSION = YES;
				CLANG_WARN_INFINITE_RECURSION = YES;
				CLANG_WARN_INT_CONVERSION = YES;
				CLANG_WARN_NON_LITERAL_NULL_CONVERSION = YES;
				CLANG_WARN_OBJC_IMPLICIT_RETAIN_SELF = YES;
				CLANG_WARN_OBJC_LITERAL_CONVERSION = YES;
				CLANG_WARN_OBJC_ROOT_CLASS = YES_ERROR;
				CLANG_WARN_RANGE_LOOP_ANALYSIS = YES;
				CLANG_WARN_STRICT_PROTOTYPES = YES;
				CLANG_WARN_SUSPICIOUS_MOVE = YES;
				CLANG_WARN_UNGUARDED_AVAILABILITY = YES_AGGRESSIVE;
				CLANG_WARN_UNREACHABLE_CODE = YES;
				CLANG_WARN__DUPLICATE_METHOD_MATCH = YES;
				CODE_SIGN_IDENTITY = "iPhone Developer";
				COPY_PHASE_STRIP = NO;
				DEBUG_INFORMATION_FORMAT = dwarf;
				ENABLE_STRICT_OBJC_MSGSEND = YES;
				ENABLE_TESTABILITY = YES;
				GCC_C_LANGUAGE_STANDARD = gnu11;
				GCC_DYNAMIC_NO_PIC = NO;
				GCC_NO_COMMON_BLOCKS = YES;
				GCC_OPTIMIZATION_LEVEL = 0;
				GCC_PREPROCESSOR_DEFINITIONS = (
					"DEBUG=1",
					"$(inherited)",
				);
				GCC_WARN_64_TO_32_BIT_CONVERSION = YES;
				GCC_WARN_ABOUT_RETURN_TYPE = YES_ERROR;
				GCC_WARN_UNDECLARED_SELECTOR = YES;
				GCC_WARN_UNINITIALIZED_AUTOS = YES_AGGRESSIVE;
				GCC_WARN_UNUSED_FUNCTION = YES;
				GCC_WARN_UNUSED_VARIABLE = YES;
				IPHONEOS_DEPLOYMENT_TARGET = 12.0;
				MTL_ENABLE_DEBUG_INFO = INCLUDE_SOURCE;
				MTL_FAST_MATH = YES;
				ONLY_ACTIVE_ARCH = YES;
				SDKROOT = iphoneos;
				SWIFT_ACTIVE_COMPILATION_CONDITIONS = DEBUG;
				SWIFT_OPTIMIZATION_LEVEL = "-Onone";
			};
			name = Debug;
		};
		71F736152121EA3400405677 /* Release */ = {
			isa = XCBuildConfiguration;
			buildSettings = {
				ALWAYS_SEARCH_USER_PATHS = NO;
				CLANG_ANALYZER_NONNULL = YES;
				CLANG_ANALYZER_NUMBER_OBJECT_CONVERSION = YES_AGGRESSIVE;
				CLANG_CXX_LANGUAGE_STANDARD = "gnu++14";
				CLANG_CXX_LIBRARY = "libc++";
				CLANG_ENABLE_MODULES = YES;
				CLANG_ENABLE_OBJC_ARC = YES;
				CLANG_ENABLE_OBJC_WEAK = YES;
				CLANG_WARN_BLOCK_CAPTURE_AUTORELEASING = YES;
				CLANG_WARN_BOOL_CONVERSION = YES;
				CLANG_WARN_COMMA = YES;
				CLANG_WARN_CONSTANT_CONVERSION = YES;
				CLANG_WARN_DEPRECATED_OBJC_IMPLEMENTATIONS = YES;
				CLANG_WARN_DIRECT_OBJC_ISA_USAGE = YES_ERROR;
				CLANG_WARN_DOCUMENTATION_COMMENTS = YES;
				CLANG_WARN_EMPTY_BODY = YES;
				CLANG_WARN_ENUM_CONVERSION = YES;
				CLANG_WARN_INFINITE_RECURSION = YES;
				CLANG_WARN_INT_CONVERSION = YES;
				CLANG_WARN_NON_LITERAL_NULL_CONVERSION = YES;
				CLANG_WARN_OBJC_IMPLICIT_RETAIN_SELF = YES;
				CLANG_WARN_OBJC_LITERAL_CONVERSION = YES;
				CLANG_WARN_OBJC_ROOT_CLASS = YES_ERROR;
				CLANG_WARN_RANGE_LOOP_ANALYSIS = YES;
				CLANG_WARN_STRICT_PROTOTYPES = YES;
				CLANG_WARN_SUSPICIOUS_MOVE = YES;
				CLANG_WARN_UNGUARDED_AVAILABILITY = YES_AGGRESSIVE;
				CLANG_WARN_UNREACHABLE_CODE = YES;
				CLANG_WARN__DUPLICATE_METHOD_MATCH = YES;
				CODE_SIGN_IDENTITY = "iPhone Developer";
				COPY_PHASE_STRIP = NO;
				DEBUG_INFORMATION_FORMAT = "dwarf-with-dsym";
				ENABLE_NS_ASSERTIONS = NO;
				ENABLE_STRICT_OBJC_MSGSEND = YES;
				GCC_C_LANGUAGE_STANDARD = gnu11;
				GCC_NO_COMMON_BLOCKS = YES;
				GCC_WARN_64_TO_32_BIT_CONVERSION = YES;
				GCC_WARN_ABOUT_RETURN_TYPE = YES_ERROR;
				GCC_WARN_UNDECLARED_SELECTOR = YES;
				GCC_WARN_UNINITIALIZED_AUTOS = YES_AGGRESSIVE;
				GCC_WARN_UNUSED_FUNCTION = YES;
				GCC_WARN_UNUSED_VARIABLE = YES;
				IPHONEOS_DEPLOYMENT_TARGET = 12.0;
				MTL_ENABLE_DEBUG_INFO = NO;
				MTL_FAST_MATH = YES;
				SDKROOT = iphoneos;
				SWIFT_COMPILATION_MODE = wholemodule;
				SWIFT_OPTIMIZATION_LEVEL = "-O";
				VALIDATE_PRODUCT = YES;
			};
			name = Release;
		};
		71F736172121EA3400405677 /* Debug */ = {
			isa = XCBuildConfiguration;
			buildSettings = {
				ASSETCATALOG_COMPILER_APPICON_NAME = AppIcon;
				CODE_SIGN_STYLE = Automatic;
				DEVELOPMENT_TEAM = N6ALD6J2FA;
				INFOPLIST_FILE = AntiBully/Info.plist;
				LD_RUNPATH_SEARCH_PATHS = (
					"$(inherited)",
					"@executable_path/Frameworks",
				);
				PRODUCT_BUNDLE_IDENTIFIER = com.stultzapps.AntiBully;
				PRODUCT_NAME = "$(TARGET_NAME)";
				SWIFT_VERSION = 4.2;
				TARGETED_DEVICE_FAMILY = "1,2";
			};
			name = Debug;
		};
		71F736182121EA3400405677 /* Release */ = {
			isa = XCBuildConfiguration;
			buildSettings = {
				ASSETCATALOG_COMPILER_APPICON_NAME = AppIcon;
				CODE_SIGN_STYLE = Automatic;
				DEVELOPMENT_TEAM = N6ALD6J2FA;
				INFOPLIST_FILE = AntiBully/Info.plist;
				LD_RUNPATH_SEARCH_PATHS = (
					"$(inherited)",
					"@executable_path/Frameworks",
				);
				PRODUCT_BUNDLE_IDENTIFIER = com.stultzapps.AntiBully;
				PRODUCT_NAME = "$(TARGET_NAME)";
				SWIFT_VERSION = 4.2;
				TARGETED_DEVICE_FAMILY = "1,2";
			};
			name = Release;
		};
/* End XCBuildConfiguration section */

/* Begin XCConfigurationList section */
		71F735FF2121EA3200405677 /* Build configuration list for PBXProject "AntiBully" */ = {
			isa = XCConfigurationList;
			buildConfigurations = (
				71F736142121EA3400405677 /* Debug */,
				71F736152121EA3400405677 /* Release */,
			);
			defaultConfigurationIsVisible = 0;
			defaultConfigurationName = Release;
		};
		71F736162121EA3400405677 /* Build configuration list for PBXNativeTarget "AntiBully" */ = {
			isa = XCConfigurationList;
			buildConfigurations = (
				71F736172121EA3400405677 /* Debug */,
				71F736182121EA3400405677 /* Release */,
			);
			defaultConfigurationIsVisible = 0;
			defaultConfigurationName = Release;
		};
/* End XCConfigurationList section */
	};
	rootObject = 71F735FC2121EA3200405677 /* Project object */;
}
